
Microsoft Visual Studio Solution File, Format Version 12.00
# Visual Studio 15
VisualStudioVersion = 15.0.27004.2010
MinimumVisualStudioVersion = 10.0.40219.1
Project("{FAE04EC0-301F-11D3-BF4B-00C04F79EFBC}") = "Sqi.MdManager.Application", "Projects\Sqi.MdManager.Application\Sqi.MdManager.Application.csproj", "{9E29F766-E606-4583-9ED6-D8805519FEC9}"
EndProject
Project("{FAE04EC0-301F-11D3-BF4B-00C04F79EFBC}") = "Sqi.MdManager.Application.Core", "Projects\Sqi.MdManager.Application.Core\Sqi.MdManager.Application.Core.csproj", "{C5B4C180-DA3D-4503-A5B3-8CA4B37F0277}"
EndProject
Project("{FAE04EC0-301F-11D3-BF4B-00C04F79EFBC}") = "Sqi.Framework", "..\Framework\Projects\Sqi.Framework\Sqi.Framework.csproj", "{4F273F1E-F238-4161-9A11-FFC0B078EBAB}"
EndProject
Project("{FAE04EC0-301F-11D3-BF4B-00C04F79EFBC}") = "Sqi.Framework.Application", "..\Framework\Projects\Sqi.Framework.Application\Sqi.Framework.Application.csproj", "{D959D8C4-5A86-4C48-8991-AA9A8E7F9AB0}"
EndProject
Project("{FAE04EC0-301F-11D3-BF4B-00C04F79EFBC}") = "Sqi.Framework.DataAccess", "..\Framework\Projects\Sqi.Framework.DataAccess\Sqi.Framework.DataAccess.csproj", "{9242F5AC-A29B-4EBC-9B34-E8D0FDA31472}"
EndProject
Project("{FAE04EC0-301F-11D3-BF4B-00C04F79EFBC}") = "Sqi.Framework.Models.Core", "..\Framework\Projects\Sqi.Framework.Models.Core\Sqi.Framework.Models.Core.csproj", "{27380961-B344-44B2-B625-0975BD475888}"
EndProject
Project("{FAE04EC0-301F-11D3-BF4B-00C04F79EFBC}") = "Sqi.Framework.Models", "..\Framework\Projects\Sqi.Framework.Models\Sqi.Framework.Models.csproj", "{2C6E1F5A-1F3A-43AB-99A3-C1BA063D954D}"
EndProject
Project("{FAE04EC0-301F-11D3-BF4B-00C04F79EFBC}") = "Sqi.Framework.Repositories", "..\Framework\Projects\Sqi.Framework.Repositories\Sqi.Framework.Repositories.csproj", "{024628EC-A96E-49CF-A4CD-38BB750A4777}"
EndProject
Project("{FAE04EC0-301F-11D3-BF4B-00C04F79EFBC}") = "Sqi.Framework.Repositories.Core", "..\Framework\Projects\Sqi.Framework.Repositories.Core\Sqi.Framework.Repositories.Core.csproj", "{6129F277-0796-41B7-8C59-CA2EC82F46B8}"
EndProject
Project("{FAE04EC0-301F-11D3-BF4B-00C04F79EFBC}") = "Sqi.Framework.Services", "..\Framework\Projects\Sqi.Framework.Services\Sqi.Framework.Services.csproj", "{74728225-F37A-4454-AC2D-2DC55152862D}"
EndProject
Project("{FAE04EC0-301F-11D3-BF4B-00C04F79EFBC}") = "Sqi.Framework.Services.Core", "..\Framework\Projects\Sqi.Framework.Services.Core\Sqi.Framework.Services.Core.csproj", "{83149B5F-EE06-4AEB-96CE-E0860FC2F47F}"
EndProject
Project("{FAE04EC0-301F-11D3-BF4B-00C04F79EFBC}") = "Sqi.Framework.Services.Test", "..\Framework\Projects\Sqi.Framework.Services.Test\Sqi.Framework.Services.Test.csproj", "{D4B7937B-0210-4CB1-95E5-A52BA934B653}"
EndProject
Project("{FAE04EC0-301F-11D3-BF4B-00C04F79EFBC}") = "Sqi.MdManager.Models", "Projects\Sqi.MdManager.Models\Sqi.MdManager.Models.csproj", "{1040A542-C313-4D2D-9516-1243AEADF7FD}"
EndProject
Project("{FAE04EC0-301F-11D3-BF4B-00C04F79EFBC}") = "Sqi.MdManager.Models.Core", "Projects\Sqi.MdManager.Models.Core\Sqi.MdManager.Models.Core.csproj", "{70346CA6-5A28-428B-B83D-6AB8135460E6}"
EndProject
Project("{FAE04EC0-301F-11D3-BF4B-00C04F79EFBC}") = "Sqi.MdManager.Services", "Projects\Sqi.MdManager.Services\Sqi.MdManager.Services.csproj", "{C2663D4A-8D2E-40F8-869B-F056807791AA}"
EndProject
Project("{FAE04EC0-301F-11D3-BF4B-00C04F79EFBC}") = "Sqi.MdManager.Services.Core", "Projects\Sqi.MdManager.Services.Core\Sqi.MdManager.Services.Core.csproj", "{E8B5EC75-2089-499B-BE53-2F202D88E399}"
EndProject
Project("{FAE04EC0-301F-11D3-BF4B-00C04F79EFBC}") = "Sqi.MdManager.DataInitializer", "Projects\Sqi.MdManager.DataInitializer\Sqi.MdManager.DataInitializer.csproj", "{1F485E11-12AD-4313-A0BF-A11B871647CB}"
EndProject
Project("{FAE04EC0-301F-11D3-BF4B-00C04F79EFBC}") = "Sqi.Framework.Repositories.Mocks", "..\Framework\Projects\Sqi.Framework.Repositories.Mock\Sqi.Framework.Repositories.Mocks.csproj", "{85C9BD84-DBA2-4EB0-9B1C-4972C1E32B5E}"
EndProject
Project("{FAE04EC0-301F-11D3-BF4B-00C04F79EFBC}") = "Sqi.MdManager.Services.Test", "Projects\Sqi.MdManager.Services.Test\Sqi.MdManager.Services.Test.csproj", "{ECC58664-4A2F-48F9-8646-2412400565B7}"
EndProject
Project("{2150E333-8FDC-42A3-9474-1A3956D46DE8}") = "Framework", "Framework", "{CE258EAB-8AEA-42A1-80CD-F6D21BB51131}"
EndProject
Project("{2150E333-8FDC-42A3-9474-1A3956D46DE8}") = "MdManager", "MdManager", "{FF99A43D-1FF5-408E-8A67-90A0D44C37D0}"
EndProject
Global
	GlobalSection(SolutionConfigurationPlatforms) = preSolution
		Debug|Any CPU = Debug|Any CPU
		Debug|x86 = Debug|x86
		Release|Any CPU = Release|Any CPU
		Release|x86 = Release|x86
	EndGlobalSection
	GlobalSection(ProjectConfigurationPlatforms) = postSolution
		{9E29F766-E606-4583-9ED6-D8805519FEC9}.Debug|Any CPU.ActiveCfg = Debug|Any CPU
		{9E29F766-E606-4583-9ED6-D8805519FEC9}.Debug|Any CPU.Build.0 = Debug|Any CPU
		{9E29F766-E606-4583-9ED6-D8805519FEC9}.Debug|x86.ActiveCfg = Debug|x86
		{9E29F766-E606-4583-9ED6-D8805519FEC9}.Debug|x86.Build.0 = Debug|x86
		{9E29F766-E606-4583-9ED6-D8805519FEC9}.Release|Any CPU.ActiveCfg = Release|Any CPU
		{9E29F766-E606-4583-9ED6-D8805519FEC9}.Release|Any CPU.Build.0 = Release|Any CPU
		{9E29F766-E606-4583-9ED6-D8805519FEC9}.Release|x86.ActiveCfg = Release|x86
		{9E29F766-E606-4583-9ED6-D8805519FEC9}.Release|x86.Build.0 = Release|x86
		{C5B4C180-DA3D-4503-A5B3-8CA4B37F0277}.Debug|Any CPU.ActiveCfg = Debug|Any CPU
		{C5B4C180-DA3D-4503-A5B3-8CA4B37F0277}.Debug|Any CPU.Build.0 = Debug|Any CPU
		{C5B4C180-DA3D-4503-A5B3-8CA4B37F0277}.Debug|x86.ActiveCfg = Debug|x86
		{C5B4C180-DA3D-4503-A5B3-8CA4B37F0277}.Debug|x86.Build.0 = Debug|x86
		{C5B4C180-DA3D-4503-A5B3-8CA4B37F0277}.Release|Any CPU.ActiveCfg = Release|Any CPU
		{C5B4C180-DA3D-4503-A5B3-8CA4B37F0277}.Release|Any CPU.Build.0 = Release|Any CPU
		{C5B4C180-DA3D-4503-A5B3-8CA4B37F0277}.Release|x86.ActiveCfg = Release|x86
		{C5B4C180-DA3D-4503-A5B3-8CA4B37F0277}.Release|x86.Build.0 = Release|x86
		{4F273F1E-F238-4161-9A11-FFC0B078EBAB}.Debug|Any CPU.ActiveCfg = Debug|Any CPU
		{4F273F1E-F238-4161-9A11-FFC0B078EBAB}.Debug|Any CPU.Build.0 = Debug|Any CPU
		{4F273F1E-F238-4161-9A11-FFC0B078EBAB}.Debug|x86.ActiveCfg = Debug|x86
		{4F273F1E-F238-4161-9A11-FFC0B078EBAB}.Debug|x86.Build.0 = Debug|x86
		{4F273F1E-F238-4161-9A11-FFC0B078EBAB}.Release|Any CPU.ActiveCfg = Release|Any CPU
		{4F273F1E-F238-4161-9A11-FFC0B078EBAB}.Release|Any CPU.Build.0 = Release|Any CPU
		{4F273F1E-F238-4161-9A11-FFC0B078EBAB}.Release|x86.ActiveCfg = Release|x86
		{4F273F1E-F238-4161-9A11-FFC0B078EBAB}.Release|x86.Build.0 = Release|x86
		{D959D8C4-5A86-4C48-8991-AA9A8E7F9AB0}.Debug|Any CPU.ActiveCfg = Debug|Any CPU
		{D959D8C4-5A86-4C48-8991-AA9A8E7F9AB0}.Debug|Any CPU.Build.0 = Debug|Any CPU
		{D959D8C4-5A86-4C48-8991-AA9A8E7F9AB0}.Debug|x86.ActiveCfg = Debug|x86
		{D959D8C4-5A86-4C48-8991-AA9A8E7F9AB0}.Debug|x86.Build.0 = Debug|x86
		{D959D8C4-5A86-4C48-8991-AA9A8E7F9AB0}.Release|Any CPU.ActiveCfg = Release|Any CPU
		{D959D8C4-5A86-4C48-8991-AA9A8E7F9AB0}.Release|Any CPU.Build.0 = Release|Any CPU
		{D959D8C4-5A86-4C48-8991-AA9A8E7F9AB0}.Release|x86.ActiveCfg = Release|x86
		{D959D8C4-5A86-4C48-8991-AA9A8E7F9AB0}.Release|x86.Build.0 = Release|x86
		{9242F5AC-A29B-4EBC-9B34-E8D0FDA31472}.Debug|Any CPU.ActiveCfg = Debug|Any CPU
		{9242F5AC-A29B-4EBC-9B34-E8D0FDA31472}.Debug|Any CPU.Build.0 = Debug|Any CPU
		{9242F5AC-A29B-4EBC-9B34-E8D0FDA31472}.Debug|x86.ActiveCfg = Debug|x86
		{9242F5AC-A29B-4EBC-9B34-E8D0FDA31472}.Debug|x86.Build.0 = Debug|x86
		{9242F5AC-A29B-4EBC-9B34-E8D0FDA31472}.Release|Any CPU.ActiveCfg = Release|Any CPU
		{9242F5AC-A29B-4EBC-9B34-E8D0FDA31472}.Release|Any CPU.Build.0 = Release|Any CPU
		{9242F5AC-A29B-4EBC-9B34-E8D0FDA31472}.Release|x86.ActiveCfg = Release|x86
		{9242F5AC-A29B-4EBC-9B34-E8D0FDA31472}.Release|x86.Build.0 = Release|x86
		{27380961-B344-44B2-B625-0975BD475888}.Debug|Any CPU.ActiveCfg = Debug|Any CPU
		{27380961-B344-44B2-B625-0975BD475888}.Debug|Any CPU.Build.0 = Debug|Any CPU
		{27380961-B344-44B2-B625-0975BD475888}.Debug|x86.ActiveCfg = Debug|x86
		{27380961-B344-44B2-B625-0975BD475888}.Debug|x86.Build.0 = Debug|x86
		{27380961-B344-44B2-B625-0975BD475888}.Release|Any CPU.ActiveCfg = Release|Any CPU
		{27380961-B344-44B2-B625-0975BD475888}.Release|Any CPU.Build.0 = Release|Any CPU
		{27380961-B344-44B2-B625-0975BD475888}.Release|x86.ActiveCfg = Release|x86
		{27380961-B344-44B2-B625-0975BD475888}.Release|x86.Build.0 = Release|x86
		{2C6E1F5A-1F3A-43AB-99A3-C1BA063D954D}.Debug|Any CPU.ActiveCfg = Debug|Any CPU
		{2C6E1F5A-1F3A-43AB-99A3-C1BA063D954D}.Debug|Any CPU.Build.0 = Debug|Any CPU
		{2C6E1F5A-1F3A-43AB-99A3-C1BA063D954D}.Debug|x86.ActiveCfg = Debug|x86
		{2C6E1F5A-1F3A-43AB-99A3-C1BA063D954D}.Debug|x86.Build.0 = Debug|x86
		{2C6E1F5A-1F3A-43AB-99A3-C1BA063D954D}.Release|Any CPU.ActiveCfg = Release|Any CPU
		{2C6E1F5A-1F3A-43AB-99A3-C1BA063D954D}.Release|Any CPU.Build.0 = Release|Any CPU
		{2C6E1F5A-1F3A-43AB-99A3-C1BA063D954D}.Release|x86.ActiveCfg = Release|x86
		{2C6E1F5A-1F3A-43AB-99A3-C1BA063D954D}.Release|x86.Build.0 = Release|x86
		{024628EC-A96E-49CF-A4CD-38BB750A4777}.Debug|Any CPU.ActiveCfg = Debug|Any CPU
		{024628EC-A96E-49CF-A4CD-38BB750A4777}.Debug|Any CPU.Build.0 = Debug|Any CPU
		{024628EC-A96E-49CF-A4CD-38BB750A4777}.Debug|x86.ActiveCfg = Debug|x86
		{024628EC-A96E-49CF-A4CD-38BB750A4777}.Debug|x86.Build.0 = Debug|x86
		{024628EC-A96E-49CF-A4CD-38BB750A4777}.Release|Any CPU.ActiveCfg = Release|Any CPU
		{024628EC-A96E-49CF-A4CD-38BB750A4777}.Release|Any CPU.Build.0 = Release|Any CPU
		{024628EC-A96E-49CF-A4CD-38BB750A4777}.Release|x86.ActiveCfg = Release|x86
		{024628EC-A96E-49CF-A4CD-38BB750A4777}.Release|x86.Build.0 = Release|x86
		{6129F277-0796-41B7-8C59-CA2EC82F46B8}.Debug|Any CPU.ActiveCfg = Debug|Any CPU
		{6129F277-0796-41B7-8C59-CA2EC82F46B8}.Debug|Any CPU.Build.0 = Debug|Any CPU
		{6129F277-0796-41B7-8C59-CA2EC82F46B8}.Debug|x86.ActiveCfg = Debug|x86
		{6129F277-0796-41B7-8C59-CA2EC82F46B8}.Debug|x86.Build.0 = Debug|x86
		{6129F277-0796-41B7-8C59-CA2EC82F46B8}.Release|Any CPU.ActiveCfg = Release|Any CPU
		{6129F277-0796-41B7-8C59-CA2EC82F46B8}.Release|Any CPU.Build.0 = Release|Any CPU
		{6129F277-0796-41B7-8C59-CA2EC82F46B8}.Release|x86.ActiveCfg = Release|x86
		{6129F277-0796-41B7-8C59-CA2EC82F46B8}.Release|x86.Build.0 = Release|x86
		{74728225-F37A-4454-AC2D-2DC55152862D}.Debug|Any CPU.ActiveCfg = Debug|Any CPU
		{74728225-F37A-4454-AC2D-2DC55152862D}.Debug|Any CPU.Build.0 = Debug|Any CPU
		{74728225-F37A-4454-AC2D-2DC55152862D}.Debug|x86.ActiveCfg = Debug|x86
		{74728225-F37A-4454-AC2D-2DC55152862D}.Debug|x86.Build.0 = Debug|x86
		{74728225-F37A-4454-AC2D-2DC55152862D}.Release|Any CPU.ActiveCfg = Release|Any CPU
		{74728225-F37A-4454-AC2D-2DC55152862D}.Release|Any CPU.Build.0 = Release|Any CPU
		{74728225-F37A-4454-AC2D-2DC55152862D}.Release|x86.ActiveCfg = Release|x86
		{74728225-F37A-4454-AC2D-2DC55152862D}.Release|x86.Build.0 = Release|x86
		{83149B5F-EE06-4AEB-96CE-E0860FC2F47F}.Debug|Any CPU.ActiveCfg = Debug|Any CPU
		{83149B5F-EE06-4AEB-96CE-E0860FC2F47F}.Debug|Any CPU.Build.0 = Debug|Any CPU
		{83149B5F-EE06-4AEB-96CE-E0860FC2F47F}.Debug|x86.ActiveCfg = Debug|x86
		{83149B5F-EE06-4AEB-96CE-E0860FC2F47F}.Debug|x86.Build.0 = Debug|x86
		{83149B5F-EE06-4AEB-96CE-E0860FC2F47F}.Release|Any CPU.ActiveCfg = Release|Any CPU
		{83149B5F-EE06-4AEB-96CE-E0860FC2F47F}.Release|Any CPU.Build.0 = Release|Any CPU
		{83149B5F-EE06-4AEB-96CE-E0860FC2F47F}.Release|x86.ActiveCfg = Release|x86
		{83149B5F-EE06-4AEB-96CE-E0860FC2F47F}.Release|x86.Build.0 = Release|x86
		{D4B7937B-0210-4CB1-95E5-A52BA934B653}.Debug|Any CPU.ActiveCfg = Debug|Any CPU
		{D4B7937B-0210-4CB1-95E5-A52BA934B653}.Debug|Any CPU.Build.0 = Debug|Any CPU
		{D4B7937B-0210-4CB1-95E5-A52BA934B653}.Debug|x86.ActiveCfg = Debug|x86
		{D4B7937B-0210-4CB1-95E5-A52BA934B653}.Debug|x86.Build.0 = Debug|x86
		{D4B7937B-0210-4CB1-95E5-A52BA934B653}.Release|Any CPU.ActiveCfg = Release|Any CPU
		{D4B7937B-0210-4CB1-95E5-A52BA934B653}.Release|Any CPU.Build.0 = Release|Any CPU
		{D4B7937B-0210-4CB1-95E5-A52BA934B653}.Release|x86.ActiveCfg = Release|x86
		{D4B7937B-0210-4CB1-95E5-A52BA934B653}.Release|x86.Build.0 = Release|x86
		{1040A542-C313-4D2D-9516-1243AEADF7FD}.Debug|Any CPU.ActiveCfg = Debug|Any CPU
		{1040A542-C313-4D2D-9516-1243AEADF7FD}.Debug|Any CPU.Build.0 = Debug|Any CPU
		{1040A542-C313-4D2D-9516-1243AEADF7FD}.Debug|x86.ActiveCfg = Debug|x86
		{1040A542-C313-4D2D-9516-1243AEADF7FD}.Debug|x86.Build.0 = Debug|x86
		{1040A542-C313-4D2D-9516-1243AEADF7FD}.Release|Any CPU.ActiveCfg = Release|Any CPU
		{1040A542-C313-4D2D-9516-1243AEADF7FD}.Release|Any CPU.Build.0 = Release|Any CPU
		{1040A542-C313-4D2D-9516-1243AEADF7FD}.Release|x86.ActiveCfg = Release|x86
		{1040A542-C313-4D2D-9516-1243AEADF7FD}.Release|x86.Build.0 = Release|x86
		{70346CA6-5A28-428B-B83D-6AB8135460E6}.Debug|Any CPU.ActiveCfg = Debug|Any CPU
		{70346CA6-5A28-428B-B83D-6AB8135460E6}.Debug|Any CPU.Build.0 = Debug|Any CPU
		{70346CA6-5A28-428B-B83D-6AB8135460E6}.Debug|x86.ActiveCfg = Debug|x86
		{70346CA6-5A28-428B-B83D-6AB8135460E6}.Debug|x86.Build.0 = Debug|x86
		{70346CA6-5A28-428B-B83D-6AB8135460E6}.Release|Any CPU.ActiveCfg = Release|Any CPU
		{70346CA6-5A28-428B-B83D-6AB8135460E6}.Release|Any CPU.Build.0 = Release|Any CPU
		{70346CA6-5A28-428B-B83D-6AB8135460E6}.Release|x86.ActiveCfg = Release|x86
		{70346CA6-5A28-428B-B83D-6AB8135460E6}.Release|x86.Build.0 = Release|x86
		{C2663D4A-8D2E-40F8-869B-F056807791AA}.Debug|Any CPU.ActiveCfg = Debug|Any CPU
		{C2663D4A-8D2E-40F8-869B-F056807791AA}.Debug|Any CPU.Build.0 = Debug|Any CPU
		{C2663D4A-8D2E-40F8-869B-F056807791AA}.Debug|x86.ActiveCfg = Debug|x86
		{C2663D4A-8D2E-40F8-869B-F056807791AA}.Debug|x86.Build.0 = Debug|x86
		{C2663D4A-8D2E-40F8-869B-F056807791AA}.Release|Any CPU.ActiveCfg = Release|Any CPU
		{C2663D4A-8D2E-40F8-869B-F056807791AA}.Release|Any CPU.Build.0 = Release|Any CPU
		{C2663D4A-8D2E-40F8-869B-F056807791AA}.Release|x86.ActiveCfg = Release|x86
		{C2663D4A-8D2E-40F8-869B-F056807791AA}.Release|x86.Build.0 = Release|x86
		{E8B5EC75-2089-499B-BE53-2F202D88E399}.Debug|Any CPU.ActiveCfg = Debug|Any CPU
		{E8B5EC75-2089-499B-BE53-2F202D88E399}.Debug|Any CPU.Build.0 = Debug|Any CPU
		{E8B5EC75-2089-499B-BE53-2F202D88E399}.Debug|x86.ActiveCfg = Debug|x86
		{E8B5EC75-2089-499B-BE53-2F202D88E399}.Debug|x86.Build.0 = Debug|x86
		{E8B5EC75-2089-499B-BE53-2F202D88E399}.Release|Any CPU.ActiveCfg = Release|Any CPU
		{E8B5EC75-2089-499B-BE53-2F202D88E399}.Release|Any CPU.Build.0 = Release|Any CPU
		{E8B5EC75-2089-499B-BE53-2F202D88E399}.Release|x86.ActiveCfg = Release|x86
		{E8B5EC75-2089-499B-BE53-2F202D88E399}.Release|x86.Build.0 = Release|x86
		{1F485E11-12AD-4313-A0BF-A11B871647CB}.Debug|Any CPU.ActiveCfg = Debug|Any CPU
		{1F485E11-12AD-4313-A0BF-A11B871647CB}.Debug|Any CPU.Build.0 = Debug|Any CPU
		{1F485E11-12AD-4313-A0BF-A11B871647CB}.Debug|x86.ActiveCfg = Debug|Any CPU
		{1F485E11-12AD-4313-A0BF-A11B871647CB}.Debug|x86.Build.0 = Debug|Any CPU
		{1F485E11-12AD-4313-A0BF-A11B871647CB}.Release|Any CPU.ActiveCfg = Release|Any CPU
		{1F485E11-12AD-4313-A0BF-A11B871647CB}.Release|Any CPU.Build.0 = Release|Any CPU
		{1F485E11-12AD-4313-A0BF-A11B871647CB}.Release|x86.ActiveCfg = Release|Any CPU
		{1F485E11-12AD-4313-A0BF-A11B871647CB}.Release|x86.Build.0 = Release|Any CPU
		{85C9BD84-DBA2-4EB0-9B1C-4972C1E32B5E}.Debug|Any CPU.ActiveCfg = Debug|Any CPU
		{85C9BD84-DBA2-4EB0-9B1C-4972C1E32B5E}.Debug|Any CPU.Build.0 = Debug|Any CPU
		{85C9BD84-DBA2-4EB0-9B1C-4972C1E32B5E}.Debug|x86.ActiveCfg = Debug|Any CPU
		{85C9BD84-DBA2-4EB0-9B1C-4972C1E32B5E}.Debug|x86.Build.0 = Debug|Any CPU
		{85C9BD84-DBA2-4EB0-9B1C-4972C1E32B5E}.Release|Any CPU.ActiveCfg = Release|Any CPU
		{85C9BD84-DBA2-4EB0-9B1C-4972C1E32B5E}.Release|Any CPU.Build.0 = Release|Any CPU
		{85C9BD84-DBA2-4EB0-9B1C-4972C1E32B5E}.Release|x86.ActiveCfg = Release|Any CPU
		{85C9BD84-DBA2-4EB0-9B1C-4972C1E32B5E}.Release|x86.Build.0 = Release|Any CPU
		{ECC58664-4A2F-48F9-8646-2412400565B7}.Debug|Any CPU.ActiveCfg = Debug|Any CPU
		{ECC58664-4A2F-48F9-8646-2412400565B7}.Debug|Any CPU.Build.0 = Debug|Any CPU
		{ECC58664-4A2F-48F9-8646-2412400565B7}.Debug|x86.ActiveCfg = Debug|Any CPU
		{ECC58664-4A2F-48F9-8646-2412400565B7}.Debug|x86.Build.0 = Debug|Any CPU
		{ECC58664-4A2F-48F9-8646-2412400565B7}.Release|Any CPU.ActiveCfg = Release|Any CPU
		{ECC58664-4A2F-48F9-8646-2412400565B7}.Release|Any CPU.Build.0 = Release|Any CPU
		{ECC58664-4A2F-48F9-8646-2412400565B7}.Release|x86.ActiveCfg = Release|Any CPU
		{ECC58664-4A2F-48F9-8646-2412400565B7}.Release|x86.Build.0 = Release|Any CPU
	EndGlobalSection
	GlobalSection(SolutionProperties) = preSolution
		HideSolutionNode = FALSE
	EndGlobalSection
	GlobalSection(NestedProjects) = preSolution
		{C5B4C180-DA3D-4503-A5B3-8CA4B37F0277} = {FF99A43D-1FF5-408E-8A67-90A0D44C37D0}
		{4F273F1E-F238-4161-9A11-FFC0B078EBAB} = {CE258EAB-8AEA-42A1-80CD-F6D21BB51131}
		{D959D8C4-5A86-4C48-8991-AA9A8E7F9AB0} = {CE258EAB-8AEA-42A1-80CD-F6D21BB51131}
		{9242F5AC-A29B-4EBC-9B34-E8D0FDA31472} = {CE258EAB-8AEA-42A1-80CD-F6D21BB51131}
		{27380961-B344-44B2-B625-0975BD475888} = {CE258EAB-8AEA-42A1-80CD-F6D21BB51131}
		{2C6E1F5A-1F3A-43AB-99A3-C1BA063D954D} = {CE258EAB-8AEA-42A1-80CD-F6D21BB51131}
		{024628EC-A96E-49CF-A4CD-38BB750A4777} = {CE258EAB-8AEA-42A1-80CD-F6D21BB51131}
		{6129F277-0796-41B7-8C59-CA2EC82F46B8} = {CE258EAB-8AEA-42A1-80CD-F6D21BB51131}
		{74728225-F37A-4454-AC2D-2DC55152862D} = {CE258EAB-8AEA-42A1-80CD-F6D21BB51131}
		{83149B5F-EE06-4AEB-96CE-E0860FC2F47F} = {CE258EAB-8AEA-42A1-80CD-F6D21BB51131}
		{D4B7937B-0210-4CB1-95E5-A52BA934B653} = {CE258EAB-8AEA-42A1-80CD-F6D21BB51131}
		{1040A542-C313-4D2D-9516-1243AEADF7FD} = {FF99A43D-1FF5-408E-8A67-90A0D44C37D0}
		{70346CA6-5A28-428B-B83D-6AB8135460E6} = {FF99A43D-1FF5-408E-8A67-90A0D44C37D0}
		{C2663D4A-8D2E-40F8-869B-F056807791AA} = {FF99A43D-1FF5-408E-8A67-90A0D44C37D0}
		{E8B5EC75-2089-499B-BE53-2F202D88E399} = {FF99A43D-1FF5-408E-8A67-90A0D44C37D0}
		{85C9BD84-DBA2-4EB0-9B1C-4972C1E32B5E} = {CE258EAB-8AEA-42A1-80CD-F6D21BB51131}
		{ECC58664-4A2F-48F9-8646-2412400565B7} = {FF99A43D-1FF5-408E-8A67-90A0D44C37D0}
	EndGlobalSection
	GlobalSection(ExtensibilityGlobals) = postSolution
		SolutionGuid = {2F653651-6EB9-4ED2-84D2-47D510927141}
	EndGlobalSection
EndGlobal
